// !$*UTF8*$!
{
	archiveVersion = 1;
	classes = {
	};
	objectVersion = 46;
	objects = {

/* Begin PBXBuildFile section */
		6C5830591E32EA2B0041AB22 /* GeneticSwift.h in Headers */ = {isa = PBXBuildFile; fileRef = 6C5830571E32EA2B0041AB22 /* GeneticSwift.h */; settings = {ATTRIBUTES = (Public, ); }; };
		6C615E2C1E33F5BE00975A93 /* ElitistSelectionMethod.swift in Sources */ = {isa = PBXBuildFile; fileRef = 6C615E2B1E33F5BE00975A93 /* ElitistSelectionMethod.swift */; };
		6C88E5BE1E35879E00F520F3 /* RandomGenerator.swift in Sources */ = {isa = PBXBuildFile; fileRef = 6C88E5BD1E35879E00F520F3 /* RandomGenerator.swift */; };
		6CC538EA1E33B94B00508318 /* GeneticChromosome.swift in Sources */ = {isa = PBXBuildFile; fileRef = 6CC538E91E33B94B00508318 /* GeneticChromosome.swift */; };
		6CC538EC1E33C59300508318 /* GeneticPopulation.swift in Sources */ = {isa = PBXBuildFile; fileRef = 6CC538EB1E33C59300508318 /* GeneticPopulation.swift */; };
		6CC538EE1E33C6C300508318 /* GeneticFitnessFunction.swift in Sources */ = {isa = PBXBuildFile; fileRef = 6CC538ED1E33C6C300508318 /* GeneticFitnessFunction.swift */; };
		6CC538F11E33CB5F00508318 /* GeneticSelectionMethod.swift in Sources */ = {isa = PBXBuildFile; fileRef = 6CC538F01E33CB5F00508318 /* GeneticSelectionMethod.swift */; };
		6CC538F41E33CE3A00508318 /* Population.swift in Sources */ = {isa = PBXBuildFile; fileRef = 6CC538F31E33CE3A00508318 /* Population.swift */; };
		6CC538F61E33CE8E00508318 /* Chromosome.swift in Sources */ = {isa = PBXBuildFile; fileRef = 6CC538F51E33CE8E00508318 /* Chromosome.swift */; };
		6CEEA0B61E343AA20067F8D8 /* GeneticPopulationDelegate.swift in Sources */ = {isa = PBXBuildFile; fileRef = 6CEEA0B51E343AA20067F8D8 /* GeneticPopulationDelegate.swift */; };
		6CEEA0BA1E34DAB70067F8D8 /* EvolutionPhase.swift in Sources */ = {isa = PBXBuildFile; fileRef = 6CEEA0B91E34DAB70067F8D8 /* EvolutionPhase.swift */; };
		6CEEA0BC1E34DBC10067F8D8 /* GeneticPopulationDataSource.swift in Sources */ = {isa = PBXBuildFile; fileRef = 6CEEA0BB1E34DBC10067F8D8 /* GeneticPopulationDataSource.swift */; };
		6CF5D0961E362DC90061261F /* Random.swift in Sources */ = {isa = PBXBuildFile; fileRef = 6CF5D0951E362DC90061261F /* Random.swift */; };
		6CF5D0981E3634D40061261F /* ChromosomeGenerator.swift in Sources */ = {isa = PBXBuildFile; fileRef = 6CF5D0971E3634D40061261F /* ChromosomeGenerator.swift */; };
		6CF5D09A1E364C890061261F /* Extensions.swift in Sources */ = {isa = PBXBuildFile; fileRef = 6CF5D0991E364C890061261F /* Extensions.swift */; };
		6CF5D09C1E364F900061261F /* BaseFitnessFunction.swift in Sources */ = {isa = PBXBuildFile; fileRef = 6CF5D09B1E364F900061261F /* BaseFitnessFunction.swift */; };
		6CF5D0B51E3651F60061261F /* AppDelegate.swift in Sources */ = {isa = PBXBuildFile; fileRef = 6CF5D0B41E3651F60061261F /* AppDelegate.swift */; };
		6CF5D0B71E3651F60061261F /* Assets.xcassets in Resources */ = {isa = PBXBuildFile; fileRef = 6CF5D0B61E3651F60061261F /* Assets.xcassets */; };
		6CF5D0BA1E3651F60061261F /* MainMenu.xib in Resources */ = {isa = PBXBuildFile; fileRef = 6CF5D0B81E3651F60061261F /* MainMenu.xib */; };
		6CF5D0C41E365FB90061261F /* DoublesChromosome.swift in Sources */ = {isa = PBXBuildFile; fileRef = 6CF5D0C31E365FB90061261F /* DoublesChromosome.swift */; };
		6CF5D0C61E3666FD0061261F /* Point.swift in Sources */ = {isa = PBXBuildFile; fileRef = 6CF5D0C51E3666FD0061261F /* Point.swift */; };
		6CF5D0C81E367F630061261F /* GeneticChromosomeGenerator.swift in Sources */ = {isa = PBXBuildFile; fileRef = 6CF5D0C71E367F620061261F /* GeneticChromosomeGenerator.swift */; };
		6CF5D0CF1E3680070061261F /* GeneticRandomGenerator.swift in Sources */ = {isa = PBXBuildFile; fileRef = 6CF5D0CE1E3680070061261F /* GeneticRandomGenerator.swift */; };
		6CF5D0D11E36814A0061261F /* FloatsChromosome.swift in Sources */ = {isa = PBXBuildFile; fileRef = 6CF5D0D01E36814A0061261F /* FloatsChromosome.swift */; };
		6CF5D0D31E3681C70061261F /* IntsChromosome.swift in Sources */ = {isa = PBXBuildFile; fileRef = 6CF5D0D21E3681C70061261F /* IntsChromosome.swift */; };
		6CF5D0D51E3682020061261F /* Ints32Chromosome.swift in Sources */ = {isa = PBXBuildFile; fileRef = 6CF5D0D41E3682020061261F /* Ints32Chromosome.swift */; };
/* End PBXBuildFile section */

/* Begin PBXFileReference section */
		6C5830541E32EA2B0041AB22 /* GeneticSwift.framework */ = {isa = PBXFileReference; explicitFileType = wrapper.framework; includeInIndex = 0; path = GeneticSwift.framework; sourceTree = BUILT_PRODUCTS_DIR; };
		6C5830571E32EA2B0041AB22 /* GeneticSwift.h */ = {isa = PBXFileReference; lastKnownFileType = sourcecode.c.h; path = GeneticSwift.h; sourceTree = "<group>"; };
		6C5830581E32EA2B0041AB22 /* Info.plist */ = {isa = PBXFileReference; lastKnownFileType = text.plist.xml; path = Info.plist; sourceTree = "<group>"; };
		6C615E2B1E33F5BE00975A93 /* ElitistSelectionMethod.swift */ = {isa = PBXFileReference; fileEncoding = 4; lastKnownFileType = sourcecode.swift; name = ElitistSelectionMethod.swift; path = Source/ElitistSelectionMethod.swift; sourceTree = "<group>"; };
		6C88E5BD1E35879E00F520F3 /* RandomGenerator.swift */ = {isa = PBXFileReference; fileEncoding = 4; lastKnownFileType = sourcecode.swift; name = RandomGenerator.swift; path = Source/RandomGenerator.swift; sourceTree = "<group>"; };
		6CC538E91E33B94B00508318 /* GeneticChromosome.swift */ = {isa = PBXFileReference; fileEncoding = 4; lastKnownFileType = sourcecode.swift; name = GeneticChromosome.swift; path = Source/GeneticChromosome.swift; sourceTree = "<group>"; };
		6CC538EB1E33C59300508318 /* GeneticPopulation.swift */ = {isa = PBXFileReference; fileEncoding = 4; lastKnownFileType = sourcecode.swift; name = GeneticPopulation.swift; path = Source/GeneticPopulation.swift; sourceTree = "<group>"; };
		6CC538ED1E33C6C300508318 /* GeneticFitnessFunction.swift */ = {isa = PBXFileReference; fileEncoding = 4; lastKnownFileType = sourcecode.swift; name = GeneticFitnessFunction.swift; path = Source/GeneticFitnessFunction.swift; sourceTree = "<group>"; };
		6CC538F01E33CB5F00508318 /* GeneticSelectionMethod.swift */ = {isa = PBXFileReference; fileEncoding = 4; lastKnownFileType = sourcecode.swift; name = GeneticSelectionMethod.swift; path = Source/GeneticSelectionMethod.swift; sourceTree = "<group>"; };
		6CC538F31E33CE3A00508318 /* Population.swift */ = {isa = PBXFileReference; fileEncoding = 4; lastKnownFileType = sourcecode.swift; name = Population.swift; path = Source/Population.swift; sourceTree = "<group>"; };
		6CC538F51E33CE8E00508318 /* Chromosome.swift */ = {isa = PBXFileReference; fileEncoding = 4; lastKnownFileType = sourcecode.swift; name = Chromosome.swift; path = Source/Chromosome.swift; sourceTree = "<group>"; };
		6CEEA0B51E343AA20067F8D8 /* GeneticPopulationDelegate.swift */ = {isa = PBXFileReference; fileEncoding = 4; lastKnownFileType = sourcecode.swift; name = GeneticPopulationDelegate.swift; path = Source/GeneticPopulationDelegate.swift; sourceTree = "<group>"; };
		6CEEA0B91E34DAB70067F8D8 /* EvolutionPhase.swift */ = {isa = PBXFileReference; fileEncoding = 4; lastKnownFileType = sourcecode.swift; name = EvolutionPhase.swift; path = Source/EvolutionPhase.swift; sourceTree = "<group>"; };
		6CEEA0BB1E34DBC10067F8D8 /* GeneticPopulationDataSource.swift */ = {isa = PBXFileReference; fileEncoding = 4; lastKnownFileType = sourcecode.swift; name = GeneticPopulationDataSource.swift; path = Source/GeneticPopulationDataSource.swift; sourceTree = "<group>"; };
		6CF5D0951E362DC90061261F /* Random.swift */ = {isa = PBXFileReference; fileEncoding = 4; lastKnownFileType = sourcecode.swift; name = Random.swift; path = Source/Random.swift; sourceTree = "<group>"; };
		6CF5D0971E3634D40061261F /* ChromosomeGenerator.swift */ = {isa = PBXFileReference; fileEncoding = 4; lastKnownFileType = sourcecode.swift; name = ChromosomeGenerator.swift; path = Source/ChromosomeGenerator.swift; sourceTree = "<group>"; };
		6CF5D0991E364C890061261F /* Extensions.swift */ = {isa = PBXFileReference; fileEncoding = 4; lastKnownFileType = sourcecode.swift; name = Extensions.swift; path = Source/Extensions.swift; sourceTree = "<group>"; };
		6CF5D09B1E364F900061261F /* BaseFitnessFunction.swift */ = {isa = PBXFileReference; fileEncoding = 4; lastKnownFileType = sourcecode.swift; name = BaseFitnessFunction.swift; path = Source/BaseFitnessFunction.swift; sourceTree = "<group>"; };
		6CF5D0B21E3651F60061261F /* GeneticApp.app */ = {isa = PBXFileReference; explicitFileType = wrapper.application; includeInIndex = 0; path = GeneticApp.app; sourceTree = BUILT_PRODUCTS_DIR; };
		6CF5D0B41E3651F60061261F /* AppDelegate.swift */ = {isa = PBXFileReference; lastKnownFileType = sourcecode.swift; path = AppDelegate.swift; sourceTree = "<group>"; };
		6CF5D0B61E3651F60061261F /* Assets.xcassets */ = {isa = PBXFileReference; lastKnownFileType = folder.assetcatalog; path = Assets.xcassets; sourceTree = "<group>"; };
		6CF5D0B91E3651F60061261F /* Base */ = {isa = PBXFileReference; lastKnownFileType = file.xib; name = Base; path = Base.lproj/MainMenu.xib; sourceTree = "<group>"; };
		6CF5D0BB1E3651F60061261F /* Info.plist */ = {isa = PBXFileReference; lastKnownFileType = text.plist.xml; path = Info.plist; sourceTree = "<group>"; };
		6CF5D0C31E365FB90061261F /* DoublesChromosome.swift */ = {isa = PBXFileReference; fileEncoding = 4; lastKnownFileType = sourcecode.swift; name = DoublesChromosome.swift; path = Source/DoublesChromosome.swift; sourceTree = "<group>"; };
		6CF5D0C51E3666FD0061261F /* Point.swift */ = {isa = PBXFileReference; fileEncoding = 4; lastKnownFileType = sourcecode.swift; path = Point.swift; sourceTree = "<group>"; };
		6CF5D0C71E367F620061261F /* GeneticChromosomeGenerator.swift */ = {isa = PBXFileReference; fileEncoding = 4; lastKnownFileType = sourcecode.swift; name = GeneticChromosomeGenerator.swift; path = Source/GeneticChromosomeGenerator.swift; sourceTree = "<group>"; };
		6CF5D0CE1E3680070061261F /* GeneticRandomGenerator.swift */ = {isa = PBXFileReference; fileEncoding = 4; lastKnownFileType = sourcecode.swift; name = GeneticRandomGenerator.swift; path = Source/GeneticRandomGenerator.swift; sourceTree = "<group>"; };
		6CF5D0D01E36814A0061261F /* FloatsChromosome.swift */ = {isa = PBXFileReference; fileEncoding = 4; lastKnownFileType = sourcecode.swift; name = FloatsChromosome.swift; path = Source/FloatsChromosome.swift; sourceTree = "<group>"; };
		6CF5D0D21E3681C70061261F /* IntsChromosome.swift */ = {isa = PBXFileReference; fileEncoding = 4; lastKnownFileType = sourcecode.swift; name = IntsChromosome.swift; path = Source/IntsChromosome.swift; sourceTree = "<group>"; };
		6CF5D0D41E3682020061261F /* Ints32Chromosome.swift */ = {isa = PBXFileReference; fileEncoding = 4; lastKnownFileType = sourcecode.swift; name = Ints32Chromosome.swift; path = Source/Ints32Chromosome.swift; sourceTree = "<group>"; };
/* End PBXFileReference section */

/* Begin PBXFrameworksBuildPhase section */
		6C5830501E32EA2B0041AB22 /* Frameworks */ = {
			isa = PBXFrameworksBuildPhase;
			buildActionMask = 2147483647;
			files = (
			);
			runOnlyForDeploymentPostprocessing = 0;
		};
		6CF5D0AF1E3651F60061261F /* Frameworks */ = {
			isa = PBXFrameworksBuildPhase;
			buildActionMask = 2147483647;
			files = (
			);
			runOnlyForDeploymentPostprocessing = 0;
		};
/* End PBXFrameworksBuildPhase section */

/* Begin PBXGroup section */
		6C58304A1E32EA2B0041AB22 = {
			isa = PBXGroup;
			children = (
				6C5830561E32EA2B0041AB22 /* GeneticSwift */,
				6CF5D0B31E3651F60061261F /* GeneticApp */,
				6C5830551E32EA2B0041AB22 /* Products */,
			);
			sourceTree = "<group>";
		};
		6C5830551E32EA2B0041AB22 /* Products */ = {
			isa = PBXGroup;
			children = (
				6C5830541E32EA2B0041AB22 /* GeneticSwift.framework */,
				6CF5D0B21E3651F60061261F /* GeneticApp.app */,
			);
			name = Products;
			sourceTree = "<group>";
		};
		6C5830561E32EA2B0041AB22 /* GeneticSwift */ = {
			isa = PBXGroup;
			children = (
				6CF5D0CC1E367FCC0061261F /* Population */,
				6CF5D0C11E365F3B0061261F /* Chromosomes */,
				6C615E2A1E33F5A200975A93 /* SelectionMethod */,
				6CC538E71E33B90B00508318 /* Protocols */,
				6CC538E21E33B8BA00508318 /* Domain */,
			);
			path = GeneticSwift;
			sourceTree = "<group>";
		};
		6C615E2A1E33F5A200975A93 /* SelectionMethod */ = {
			isa = PBXGroup;
			children = (
				6CF5D09B1E364F900061261F /* BaseFitnessFunction.swift */,
				6C615E2B1E33F5BE00975A93 /* ElitistSelectionMethod.swift */,
			);
			name = SelectionMethod;
			sourceTree = "<group>";
		};
		6CC538E21E33B8BA00508318 /* Domain */ = {
			isa = PBXGroup;
			children = (
				6CF5D0991E364C890061261F /* Extensions.swift */,
				6C5830571E32EA2B0041AB22 /* GeneticSwift.h */,
				6C5830581E32EA2B0041AB22 /* Info.plist */,
			);
			name = Domain;
			sourceTree = "<group>";
		};
		6CC538E71E33B90B00508318 /* Protocols */ = {
			isa = PBXGroup;
			children = (
				6CF5D0CB1E367FC50061261F /* Population */,
				6CF5D0C91E367F950061261F /* Chromosomes */,
				6CF5D0CA1E367FAB0061261F /* SelectionMethod */,
			);
			name = Protocols;
			sourceTree = "<group>";
		};
		6CF5D0B31E3651F60061261F /* GeneticApp */ = {
			isa = PBXGroup;
			children = (
				6CF5D0B41E3651F60061261F /* AppDelegate.swift */,
				6CF5D0C51E3666FD0061261F /* Point.swift */,
				6CF5D0B61E3651F60061261F /* Assets.xcassets */,
				6CF5D0B81E3651F60061261F /* MainMenu.xib */,
				6CF5D0BB1E3651F60061261F /* Info.plist */,
			);
			path = GeneticApp;
			sourceTree = "<group>";
		};
		6CF5D0C11E365F3B0061261F /* Chromosomes */ = {
			isa = PBXGroup;
			children = (
				6CF5D0C21E365FA60061261F /* Base */,
				6CC538F51E33CE8E00508318 /* Chromosome.swift */,
				6CF5D0C31E365FB90061261F /* DoublesChromosome.swift */,
				6CF5D0D01E36814A0061261F /* FloatsChromosome.swift */,
				6CF5D0D21E3681C70061261F /* IntsChromosome.swift */,
				6CF5D0D41E3682020061261F /* Ints32Chromosome.swift */,
			);
			name = Chromosomes;
			sourceTree = "<group>";
		};
		6CF5D0C21E365FA60061261F /* Base */ = {
			isa = PBXGroup;
			children = (
				6CF5D0951E362DC90061261F /* Random.swift */,
				6CF5D0971E3634D40061261F /* ChromosomeGenerator.swift */,
				6C88E5BD1E35879E00F520F3 /* RandomGenerator.swift */,
			);
			name = Base;
			sourceTree = "<group>";
		};
		6CF5D0C91E367F950061261F /* Chromosomes */ = {
			isa = PBXGroup;
			children = (
				6CC538E91E33B94B00508318 /* GeneticChromosome.swift */,
				6CF5D0C71E367F620061261F /* GeneticChromosomeGenerator.swift */,
				6CF5D0CE1E3680070061261F /* GeneticRandomGenerator.swift */,
			);
			name = Chromosomes;
			sourceTree = "<group>";
		};
		6CF5D0CA1E367FAB0061261F /* SelectionMethod */ = {
			isa = PBXGroup;
			children = (
				6CC538ED1E33C6C300508318 /* GeneticFitnessFunction.swift */,
				6CC538F01E33CB5F00508318 /* GeneticSelectionMethod.swift */,
			);
			name = SelectionMethod;
			sourceTree = "<group>";
		};
		6CF5D0CB1E367FC50061261F /* Population */ = {
			isa = PBXGroup;
			children = (
				6CC538EB1E33C59300508318 /* GeneticPopulation.swift */,
				6CEEA0B51E343AA20067F8D8 /* GeneticPopulationDelegate.swift */,
				6CEEA0BB1E34DBC10067F8D8 /* GeneticPopulationDataSource.swift */,
			);
			name = Population;
			sourceTree = "<group>";
		};
		6CF5D0CC1E367FCC0061261F /* Population */ = {
			isa = PBXGroup;
			children = (
				6CC538F31E33CE3A00508318 /* Population.swift */,
				6CEEA0B91E34DAB70067F8D8 /* EvolutionPhase.swift */,
			);
			name = Population;
			sourceTree = "<group>";
		};
/* End PBXGroup section */

/* Begin PBXHeadersBuildPhase section */
		6C5830511E32EA2B0041AB22 /* Headers */ = {
			isa = PBXHeadersBuildPhase;
			buildActionMask = 2147483647;
			files = (
				6C5830591E32EA2B0041AB22 /* GeneticSwift.h in Headers */,
			);
			runOnlyForDeploymentPostprocessing = 0;
		};
/* End PBXHeadersBuildPhase section */

/* Begin PBXNativeTarget section */
		6C5830531E32EA2B0041AB22 /* GeneticSwift */ = {
			isa = PBXNativeTarget;
			buildConfigurationList = 6C58305C1E32EA2B0041AB22 /* Build configuration list for PBXNativeTarget "GeneticSwift" */;
			buildPhases = (
				6C58304F1E32EA2B0041AB22 /* Sources */,
				6C5830501E32EA2B0041AB22 /* Frameworks */,
				6C5830511E32EA2B0041AB22 /* Headers */,
				6C5830521E32EA2B0041AB22 /* Resources */,
			);
			buildRules = (
			);
			dependencies = (
			);
			name = GeneticSwift;
			productName = GeneticSwift;
			productReference = 6C5830541E32EA2B0041AB22 /* GeneticSwift.framework */;
			productType = "com.apple.product-type.framework";
		};
		6CF5D0B11E3651F60061261F /* GeneticApp */ = {
			isa = PBXNativeTarget;
			buildConfigurationList = 6CF5D0BC1E3651F60061261F /* Build configuration list for PBXNativeTarget "GeneticApp" */;
			buildPhases = (
				6CF5D0AE1E3651F60061261F /* Sources */,
				6CF5D0AF1E3651F60061261F /* Frameworks */,
				6CF5D0B01E3651F60061261F /* Resources */,
			);
			buildRules = (
			);
			dependencies = (
			);
			name = GeneticApp;
			productName = GeneticApp;
			productReference = 6CF5D0B21E3651F60061261F /* GeneticApp.app */;
			productType = "com.apple.product-type.application";
		};
/* End PBXNativeTarget section */

/* Begin PBXProject section */
		6C58304B1E32EA2B0041AB22 /* Project object */ = {
			isa = PBXProject;
			attributes = {
				LastSwiftUpdateCheck = 0820;
				LastUpgradeCheck = 0820;
				ORGANIZATIONNAME = "Jose Maria Puerta";
				TargetAttributes = {
					6C5830531E32EA2B0041AB22 = {
						CreatedOnToolsVersion = 8.2.1;
						DevelopmentTeam = L8YSUA92XX;
						LastSwiftMigration = 0820;
						ProvisioningStyle = Automatic;
					};
					6CF5D0B11E3651F60061261F = {
						CreatedOnToolsVersion = 8.2.1;
						DevelopmentTeam = L8YSUA92XX;
						ProvisioningStyle = Automatic;
					};
				};
			};
			buildConfigurationList = 6C58304E1E32EA2B0041AB22 /* Build configuration list for PBXProject "GeneticSwift" */;
			compatibilityVersion = "Xcode 3.2";
			developmentRegion = English;
			hasScannedForEncodings = 0;
			knownRegions = (
				en,
				Base,
			);
			mainGroup = 6C58304A1E32EA2B0041AB22;
			productRefGroup = 6C5830551E32EA2B0041AB22 /* Products */;
			projectDirPath = "";
			projectRoot = "";
			targets = (
				6C5830531E32EA2B0041AB22 /* GeneticSwift */,
				6CF5D0B11E3651F60061261F /* GeneticApp */,
			);
		};
/* End PBXProject section */

/* Begin PBXResourcesBuildPhase section */
		6C5830521E32EA2B0041AB22 /* Resources */ = {
			isa = PBXResourcesBuildPhase;
			buildActionMask = 2147483647;
			files = (
			);
			runOnlyForDeploymentPostprocessing = 0;
		};
		6CF5D0B01E3651F60061261F /* Resources */ = {
			isa = PBXResourcesBuildPhase;
			buildActionMask = 2147483647;
			files = (
				6CF5D0B71E3651F60061261F /* Assets.xcassets in Resources */,
				6CF5D0BA1E3651F60061261F /* MainMenu.xib in Resources */,
			);
			runOnlyForDeploymentPostprocessing = 0;
		};
/* End PBXResourcesBuildPhase section */

/* Begin PBXSourcesBuildPhase section */
		6C58304F1E32EA2B0041AB22 /* Sources */ = {
			isa = PBXSourcesBuildPhase;
			buildActionMask = 2147483647;
			files = (
				6CF5D0CF1E3680070061261F /* GeneticRandomGenerator.swift in Sources */,
				6CF5D0D31E3681C70061261F /* IntsChromosome.swift in Sources */,
				6CC538F61E33CE8E00508318 /* Chromosome.swift in Sources */,
				6CEEA0B61E343AA20067F8D8 /* GeneticPopulationDelegate.swift in Sources */,
				6CF5D0D51E3682020061261F /* Ints32Chromosome.swift in Sources */,
				6CC538F11E33CB5F00508318 /* GeneticSelectionMethod.swift in Sources */,
				6CF5D0C81E367F630061261F /* GeneticChromosomeGenerator.swift in Sources */,
				6C88E5BE1E35879E00F520F3 /* RandomGenerator.swift in Sources */,
				6CEEA0BA1E34DAB70067F8D8 /* EvolutionPhase.swift in Sources */,
				6CF5D0D11E36814A0061261F /* FloatsChromosome.swift in Sources */,
				6CF5D09C1E364F900061261F /* BaseFitnessFunction.swift in Sources */,
				6C615E2C1E33F5BE00975A93 /* ElitistSelectionMethod.swift in Sources */,
				6CC538F41E33CE3A00508318 /* Population.swift in Sources */,
				6CC538EE1E33C6C300508318 /* GeneticFitnessFunction.swift in Sources */,
				6CF5D0961E362DC90061261F /* Random.swift in Sources */,
				6CC538EA1E33B94B00508318 /* GeneticChromosome.swift in Sources */,
				6CF5D0981E3634D40061261F /* ChromosomeGenerator.swift in Sources */,
				6CF5D0C41E365FB90061261F /* DoublesChromosome.swift in Sources */,
				6CEEA0BC1E34DBC10067F8D8 /* GeneticPopulationDataSource.swift in Sources */,
				6CC538EC1E33C59300508318 /* GeneticPopulation.swift in Sources */,
				6CF5D09A1E364C890061261F /* Extensions.swift in Sources */,
			);
			runOnlyForDeploymentPostprocessing = 0;
		};
		6CF5D0AE1E3651F60061261F /* Sources */ = {
			isa = PBXSourcesBuildPhase;
			buildActionMask = 2147483647;
			files = (
				6CF5D0C61E3666FD0061261F /* Point.swift in Sources */,
				6CF5D0B51E3651F60061261F /* AppDelegate.swift in Sources */,
			);
			runOnlyForDeploymentPostprocessing = 0;
		};
/* End PBXSourcesBuildPhase section */

/* Begin PBXVariantGroup section */
		6CF5D0B81E3651F60061261F /* MainMenu.xib */ = {
			isa = PBXVariantGroup;
			children = (
				6CF5D0B91E3651F60061261F /* Base */,
			);
			name = MainMenu.xib;
			sourceTree = "<group>";
		};
/* End PBXVariantGroup section */

/* Begin XCBuildConfiguration section */
		6C58305A1E32EA2B0041AB22 /* Debug */ = {
			isa = XCBuildConfiguration;
			buildSettings = {
				ALWAYS_SEARCH_USER_PATHS = NO;
				CLANG_ANALYZER_NONNULL = YES;
				CLANG_CXX_LANGUAGE_STANDARD = "gnu++0x";
				CLANG_CXX_LIBRARY = "libc++";
				CLANG_ENABLE_MODULES = YES;
				CLANG_ENABLE_OBJC_ARC = YES;
				CLANG_WARN_BOOL_CONVERSION = YES;
				CLANG_WARN_CONSTANT_CONVERSION = YES;
				CLANG_WARN_DIRECT_OBJC_ISA_USAGE = YES_ERROR;
				CLANG_WARN_DOCUMENTATION_COMMENTS = YES;
				CLANG_WARN_EMPTY_BODY = YES;
				CLANG_WARN_ENUM_CONVERSION = YES;
				CLANG_WARN_INFINITE_RECURSION = YES;
				CLANG_WARN_INT_CONVERSION = YES;
				CLANG_WARN_OBJC_ROOT_CLASS = YES_ERROR;
				CLANG_WARN_SUSPICIOUS_MOVE = YES;
				CLANG_WARN_UNREACHABLE_CODE = YES;
				CLANG_WARN__DUPLICATE_METHOD_MATCH = YES;
				CODE_SIGN_IDENTITY = "-";
				COPY_PHASE_STRIP = NO;
				CURRENT_PROJECT_VERSION = 1;
				DEBUG_INFORMATION_FORMAT = dwarf;
				ENABLE_STRICT_OBJC_MSGSEND = YES;
				ENABLE_TESTABILITY = YES;
				GCC_C_LANGUAGE_STANDARD = gnu99;
				GCC_DYNAMIC_NO_PIC = NO;
				GCC_NO_COMMON_BLOCKS = YES;
				GCC_OPTIMIZATION_LEVEL = 0;
				GCC_PREPROCESSOR_DEFINITIONS = (
					"DEBUG=1",
					"$(inherited)",
				);
				GCC_WARN_64_TO_32_BIT_CONVERSION = YES;
				GCC_WARN_ABOUT_RETURN_TYPE = YES_ERROR;
				GCC_WARN_UNDECLARED_SELECTOR = YES;
				GCC_WARN_UNINITIALIZED_AUTOS = YES_AGGRESSIVE;
				GCC_WARN_UNUSED_FUNCTION = YES;
				GCC_WARN_UNUSED_VARIABLE = YES;
				MACOSX_DEPLOYMENT_TARGET = 10.12;
				MTL_ENABLE_DEBUG_INFO = YES;
				ONLY_ACTIVE_ARCH = YES;
				SDKROOT = macosx;
				SWIFT_ACTIVE_COMPILATION_CONDITIONS = DEBUG;
				SWIFT_OPTIMIZATION_LEVEL = "-Onone";
				VERSIONING_SYSTEM = "apple-generic";
				VERSION_INFO_PREFIX = "";
			};
			name = Debug;
		};
		6C58305B1E32EA2B0041AB22 /* Release */ = {
			isa = XCBuildConfiguration;
			buildSettings = {
				ALWAYS_SEARCH_USER_PATHS = NO;
				CLANG_ANALYZER_NONNULL = YES;
				CLANG_CXX_LANGUAGE_STANDARD = "gnu++0x";
				CLANG_CXX_LIBRARY = "libc++";
				CLANG_ENABLE_MODULES = YES;
				CLANG_ENABLE_OBJC_ARC = YES;
				CLANG_WARN_BOOL_CONVERSION = YES;
				CLANG_WARN_CONSTANT_CONVERSION = YES;
				CLANG_WARN_DIRECT_OBJC_ISA_USAGE = YES_ERROR;
				CLANG_WARN_DOCUMENTATION_COMMENTS = YES;
				CLANG_WARN_EMPTY_BODY = YES;
				CLANG_WARN_ENUM_CONVERSION = YES;
				CLANG_WARN_INFINITE_RECURSION = YES;
				CLANG_WARN_INT_CONVERSION = YES;
				CLANG_WARN_OBJC_ROOT_CLASS = YES_ERROR;
				CLANG_WARN_SUSPICIOUS_MOVE = YES;
				CLANG_WARN_UNREACHABLE_CODE = YES;
				CLANG_WARN__DUPLICATE_METHOD_MATCH = YES;
				CODE_SIGN_IDENTITY = "-";
				COPY_PHASE_STRIP = NO;
				CURRENT_PROJECT_VERSION = 1;
				DEBUG_INFORMATION_FORMAT = "dwarf-with-dsym";
				ENABLE_NS_ASSERTIONS = NO;
				ENABLE_STRICT_OBJC_MSGSEND = YES;
				GCC_C_LANGUAGE_STANDARD = gnu99;
				GCC_NO_COMMON_BLOCKS = YES;
				GCC_WARN_64_TO_32_BIT_CONVERSION = YES;
				GCC_WARN_ABOUT_RETURN_TYPE = YES_ERROR;
				GCC_WARN_UNDECLARED_SELECTOR = YES;
				GCC_WARN_UNINITIALIZED_AUTOS = YES_AGGRESSIVE;
				GCC_WARN_UNUSED_FUNCTION = YES;
				GCC_WARN_UNUSED_VARIABLE = YES;
				MACOSX_DEPLOYMENT_TARGET = 10.12;
				MTL_ENABLE_DEBUG_INFO = NO;
				SDKROOT = macosx;
				SWIFT_OPTIMIZATION_LEVEL = "-Owholemodule";
				VERSIONING_SYSTEM = "apple-generic";
				VERSION_INFO_PREFIX = "";
			};
			name = Release;
		};
		6C58305D1E32EA2B0041AB22 /* Debug */ = {
			isa = XCBuildConfiguration;
			buildSettings = {
				CLANG_ENABLE_MODULES = YES;
				CODE_SIGN_IDENTITY = "";
				COMBINE_HIDPI_IMAGES = YES;
				DEFINES_MODULE = YES;
				DEVELOPMENT_TEAM = L8YSUA92XX;
				DYLIB_COMPATIBILITY_VERSION = 1;
				DYLIB_CURRENT_VERSION = 1;
				DYLIB_INSTALL_NAME_BASE = "@rpath";
				FRAMEWORK_VERSION = A;
				INFOPLIST_FILE = GeneticSwift/Info.plist;
				INSTALL_PATH = "$(LOCAL_LIBRARY_DIR)/Frameworks";
				LD_RUNPATH_SEARCH_PATHS = "$(inherited) @executable_path/../Frameworks @loader_path/Frameworks";
				PRODUCT_BUNDLE_IDENTIFIER = self.jmpg93.GeneticSwift;
				PRODUCT_NAME = "$(TARGET_NAME)";
				SKIP_INSTALL = YES;
				SWIFT_OPTIMIZATION_LEVEL = "-Onone";
				SWIFT_VERSION = 3.0;
			};
			name = Debug;
		};
		6C58305E1E32EA2B0041AB22 /* Release */ = {
			isa = XCBuildConfiguration;
			buildSettings = {
				CLANG_ENABLE_MODULES = YES;
				CODE_SIGN_IDENTITY = "";
				COMBINE_HIDPI_IMAGES = YES;
				DEFINES_MODULE = YES;
				DEVELOPMENT_TEAM = L8YSUA92XX;
				DYLIB_COMPATIBILITY_VERSION = 1;
				DYLIB_CURRENT_VERSION = 1;
				DYLIB_INSTALL_NAME_BASE = "@rpath";
				FRAMEWORK_VERSION = A;
				INFOPLIST_FILE = GeneticSwift/Info.plist;
				INSTALL_PATH = "$(LOCAL_LIBRARY_DIR)/Frameworks";
				LD_RUNPATH_SEARCH_PATHS = "$(inherited) @executable_path/../Frameworks @loader_path/Frameworks";
				PRODUCT_BUNDLE_IDENTIFIER = self.jmpg93.GeneticSwift;
				PRODUCT_NAME = "$(TARGET_NAME)";
				SKIP_INSTALL = YES;
				SWIFT_VERSION = 3.0;
			};
			name = Release;
		};
		6CF5D0BD1E3651F60061261F /* Debug */ = {
			isa = XCBuildConfiguration;
			buildSettings = {
				ASSETCATALOG_COMPILER_APPICON_NAME = AppIcon;
				COMBINE_HIDPI_IMAGES = YES;
				DEVELOPMENT_TEAM = L8YSUA92XX;
				INFOPLIST_FILE = GeneticApp/Info.plist;
				LD_RUNPATH_SEARCH_PATHS = "$(inherited) @executable_path/../Frameworks";
				PRODUCT_BUNDLE_IDENTIFIER = self.jmpg93.GeneticApp;
				PRODUCT_NAME = "$(TARGET_NAME)";
				SWIFT_VERSION = 3.0;
			};
			name = Debug;
		};
		6CF5D0BE1E3651F60061261F /* Release */ = {
			isa = XCBuildConfiguration;
			buildSettings = {
				ASSETCATALOG_COMPILER_APPICON_NAME = AppIcon;
				COMBINE_HIDPI_IMAGES = YES;
				DEVELOPMENT_TEAM = L8YSUA92XX;
				INFOPLIST_FILE = GeneticApp/Info.plist;
				LD_RUNPATH_SEARCH_PATHS = "$(inherited) @executable_path/../Frameworks";
				PRODUCT_BUNDLE_IDENTIFIER = self.jmpg93.GeneticApp;
				PRODUCT_NAME = "$(TARGET_NAME)";
				SWIFT_VERSION = 3.0;
			};
			name = Release;
		};
/* End XCBuildConfiguration section */

/* Begin XCConfigurationList section */
		6C58304E1E32EA2B0041AB22 /* Build configuration list for PBXProject "GeneticSwift" */ = {
			isa = XCConfigurationList;
			buildConfigurations = (
				6C58305A1E32EA2B0041AB22 /* Debug */,
				6C58305B1E32EA2B0041AB22 /* Release */,
			);
			defaultConfigurationIsVisible = 0;
			defaultConfigurationName = Release;
		};
		6C58305C1E32EA2B0041AB22 /* Build configuration list for PBXNativeTarget "GeneticSwift" */ = {
			isa = XCConfigurationList;
			buildConfigurations = (
				6C58305D1E32EA2B0041AB22 /* Debug */,
				6C58305E1E32EA2B0041AB22 /* Release */,
			);
			defaultConfigurationIsVisible = 0;
			defaultConfigurationName = Release;
		};
		6CF5D0BC1E3651F60061261F /* Build configuration list for PBXNativeTarget "GeneticApp" */ = {
			isa = XCConfigurationList;
			buildConfigurations = (
				6CF5D0BD1E3651F60061261F /* Debug */,
				6CF5D0BE1E3651F60061261F /* Release */,
			);
			defaultConfigurationIsVisible = 0;
		};
/* End XCConfigurationList section */
	};
	rootObject = 6C58304B1E32EA2B0041AB22 /* Project object */;
}
